// !$*UTF8*$!
{
	archiveVersion = 1;
	classes = {
	};
	objectVersion = 46;
	objects = {

/* Begin PBXBuildFile section */
		582115DB68FB2EB209723E4D /* Pods_MorehouseDPS.framework in Frameworks */ = {isa = PBXBuildFile; fileRef = BA2F44DA69933099688C86B5 /* Pods_MorehouseDPS.framework */; };
		77528E94EF4855E840648011 /* Pods_MorehouseDPSTests.framework in Frameworks */ = {isa = PBXBuildFile; fileRef = CEA4FF4906227EF0DEECC908 /* Pods_MorehouseDPSTests.framework */; };
		7A1051D1C36BE0D518E8F24E /* Pods_MorehouseDPSUITests.framework in Frameworks */ = {isa = PBXBuildFile; fileRef = 0D9AA3AE5DC8282A3DBA55C7 /* Pods_MorehouseDPSUITests.framework */; };
		AA6668DB1EE7896F00DFABBB /* BookCollectionViewController.swift in Sources */ = {isa = PBXBuildFile; fileRef = AA6668DA1EE7896F00DFABBB /* BookCollectionViewController.swift */; };
		AA6668DF1EE7E7D100DFABBB /* BookCollectionViewCell.swift in Sources */ = {isa = PBXBuildFile; fileRef = AA6668DE1EE7E7D100DFABBB /* BookCollectionViewCell.swift */; };
		AA7878E51F438EBB00066398 /* BookSummaryView.swift in Sources */ = {isa = PBXBuildFile; fileRef = AA7878E41F438EBB00066398 /* BookSummaryView.swift */; };
		AA7878E81F43932600066398 /* BookSummaryHeaderView.swift in Sources */ = {isa = PBXBuildFile; fileRef = AA7878E71F43932600066398 /* BookSummaryHeaderView.swift */; };
		AA82D5B51F3059AE0067E8FB /* BookAPI.swift in Sources */ = {isa = PBXBuildFile; fileRef = AA82D5B41F3059AE0067E8FB /* BookAPI.swift */; };
		AA9D5E661ED1467F0020AA1F /* LoginViewController.swift in Sources */ = {isa = PBXBuildFile; fileRef = AA9D5E651ED1467F0020AA1F /* LoginViewController.swift */; };
		AA9EFBBC1F37ADAD00F7BF01 /* Books.swift in Sources */ = {isa = PBXBuildFile; fileRef = AA9EFBBB1F37ADAD00F7BF01 /* Books.swift */; };
		AA9EFBBF1F383EA900F7BF01 /* CustomImageView.swift in Sources */ = {isa = PBXBuildFile; fileRef = AA9EFBBE1F383EA900F7BF01 /* CustomImageView.swift */; };
		AA9EFBC11F39A92E00F7BF01 /* BookSummaryViewController.swift in Sources */ = {isa = PBXBuildFile; fileRef = AA9EFBC01F39A92E00F7BF01 /* BookSummaryViewController.swift */; };
		AAA342FA1ECEC50B007E8874 /* GoogleService-Info.plist in Resources */ = {isa = PBXBuildFile; fileRef = AAA342F91ECEC50B007E8874 /* GoogleService-Info.plist */; };
		AAA342FB1ECEC50B007E8874 /* GoogleService-Info.plist in Resources */ = {isa = PBXBuildFile; fileRef = AAA342F91ECEC50B007E8874 /* GoogleService-Info.plist */; };
		AAA342FC1ECEC50B007E8874 /* GoogleService-Info.plist in Resources */ = {isa = PBXBuildFile; fileRef = AAA342F91ECEC50B007E8874 /* GoogleService-Info.plist */; };
		AAC603F61ECEBDFD0073FF43 /* AppDelegate.swift in Sources */ = {isa = PBXBuildFile; fileRef = AAC603F51ECEBDFD0073FF43 /* AppDelegate.swift */; };
		AAC603FD1ECEBDFD0073FF43 /* Assets.xcassets in Resources */ = {isa = PBXBuildFile; fileRef = AAC603FC1ECEBDFD0073FF43 /* Assets.xcassets */; };
		AAC604001ECEBDFD0073FF43 /* LaunchScreen.storyboard in Resources */ = {isa = PBXBuildFile; fileRef = AAC603FE1ECEBDFD0073FF43 /* LaunchScreen.storyboard */; };
		AAC6040B1ECEBDFD0073FF43 /* MorehouseDPSTests.swift in Sources */ = {isa = PBXBuildFile; fileRef = AAC6040A1ECEBDFD0073FF43 /* MorehouseDPSTests.swift */; };
		AAC604161ECEBDFD0073FF43 /* MorehouseDPSUITests.swift in Sources */ = {isa = PBXBuildFile; fileRef = AAC604151ECEBDFD0073FF43 /* MorehouseDPSUITests.swift */; };
/* End PBXBuildFile section */

/* Begin PBXContainerItemProxy section */
		AAC604071ECEBDFD0073FF43 /* PBXContainerItemProxy */ = {
			isa = PBXContainerItemProxy;
			containerPortal = AAC603EA1ECEBDFD0073FF43 /* Project object */;
			proxyType = 1;
			remoteGlobalIDString = AAC603F11ECEBDFD0073FF43;
			remoteInfo = MorehouseDPS;
		};
		AAC604121ECEBDFD0073FF43 /* PBXContainerItemProxy */ = {
			isa = PBXContainerItemProxy;
			containerPortal = AAC603EA1ECEBDFD0073FF43 /* Project object */;
			proxyType = 1;
			remoteGlobalIDString = AAC603F11ECEBDFD0073FF43;
			remoteInfo = MorehouseDPS;
		};
/* End PBXContainerItemProxy section */

/* Begin PBXFileReference section */
		0D9AA3AE5DC8282A3DBA55C7 /* Pods_MorehouseDPSUITests.framework */ = {isa = PBXFileReference; explicitFileType = wrapper.framework; includeInIndex = 0; path = Pods_MorehouseDPSUITests.framework; sourceTree = BUILT_PRODUCTS_DIR; };
		0EE513B0EA1D0F1CF51B23FD /* Pods-MorehouseDPSUITests.release.xcconfig */ = {isa = PBXFileReference; includeInIndex = 1; lastKnownFileType = text.xcconfig; name = "Pods-MorehouseDPSUITests.release.xcconfig"; path = "Pods/Target Support Files/Pods-MorehouseDPSUITests/Pods-MorehouseDPSUITests.release.xcconfig"; sourceTree = "<group>"; };
		2554F667485D520E9585357D /* Pods-MorehouseDPSTests.release.xcconfig */ = {isa = PBXFileReference; includeInIndex = 1; lastKnownFileType = text.xcconfig; name = "Pods-MorehouseDPSTests.release.xcconfig"; path = "Pods/Target Support Files/Pods-MorehouseDPSTests/Pods-MorehouseDPSTests.release.xcconfig"; sourceTree = "<group>"; };
		942F8F4DF9518654A6F4CDE1 /* Pods-MorehouseDPS.release.xcconfig */ = {isa = PBXFileReference; includeInIndex = 1; lastKnownFileType = text.xcconfig; name = "Pods-MorehouseDPS.release.xcconfig"; path = "Pods/Target Support Files/Pods-MorehouseDPS/Pods-MorehouseDPS.release.xcconfig"; sourceTree = "<group>"; };
		AA0F52121ED40A2A008CF619 /* MorehouseDPS.entitlements */ = {isa = PBXFileReference; lastKnownFileType = text.plist.entitlements; path = MorehouseDPS.entitlements; sourceTree = "<group>"; };
		AA6668DA1EE7896F00DFABBB /* BookCollectionViewController.swift */ = {isa = PBXFileReference; fileEncoding = 4; lastKnownFileType = sourcecode.swift; path = BookCollectionViewController.swift; sourceTree = "<group>"; };
		AA6668DE1EE7E7D100DFABBB /* BookCollectionViewCell.swift */ = {isa = PBXFileReference; fileEncoding = 4; lastKnownFileType = sourcecode.swift; path = BookCollectionViewCell.swift; sourceTree = "<group>"; };
		AA7878E41F438EBB00066398 /* BookSummaryView.swift */ = {isa = PBXFileReference; fileEncoding = 4; lastKnownFileType = sourcecode.swift; path = BookSummaryView.swift; sourceTree = "<group>"; };
		AA7878E71F43932600066398 /* BookSummaryHeaderView.swift */ = {isa = PBXFileReference; fileEncoding = 4; lastKnownFileType = sourcecode.swift; path = BookSummaryHeaderView.swift; sourceTree = "<group>"; };
		AA82D5B41F3059AE0067E8FB /* BookAPI.swift */ = {isa = PBXFileReference; fileEncoding = 4; lastKnownFileType = sourcecode.swift; path = BookAPI.swift; sourceTree = "<group>"; };
		AA9D5E651ED1467F0020AA1F /* LoginViewController.swift */ = {isa = PBXFileReference; fileEncoding = 4; lastKnownFileType = sourcecode.swift; path = LoginViewController.swift; sourceTree = "<group>"; };
		AA9EFBBB1F37ADAD00F7BF01 /* Books.swift */ = {isa = PBXFileReference; fileEncoding = 4; lastKnownFileType = sourcecode.swift; path = Books.swift; sourceTree = "<group>"; };
		AA9EFBBE1F383EA900F7BF01 /* CustomImageView.swift */ = {isa = PBXFileReference; fileEncoding = 4; lastKnownFileType = sourcecode.swift; path = CustomImageView.swift; sourceTree = "<group>"; };
		AA9EFBC01F39A92E00F7BF01 /* BookSummaryViewController.swift */ = {isa = PBXFileReference; fileEncoding = 4; lastKnownFileType = sourcecode.swift; path = BookSummaryViewController.swift; sourceTree = "<group>"; };
		AAA342F91ECEC50B007E8874 /* GoogleService-Info.plist */ = {isa = PBXFileReference; fileEncoding = 4; lastKnownFileType = text.plist.xml; path = "GoogleService-Info.plist"; sourceTree = "<group>"; };
		AAC603F21ECEBDFD0073FF43 /* MorehouseDPS.app */ = {isa = PBXFileReference; explicitFileType = wrapper.application; includeInIndex = 0; path = MorehouseDPS.app; sourceTree = BUILT_PRODUCTS_DIR; };
		AAC603F51ECEBDFD0073FF43 /* AppDelegate.swift */ = {isa = PBXFileReference; lastKnownFileType = sourcecode.swift; path = AppDelegate.swift; sourceTree = "<group>"; };
		AAC603FC1ECEBDFD0073FF43 /* Assets.xcassets */ = {isa = PBXFileReference; lastKnownFileType = folder.assetcatalog; path = Assets.xcassets; sourceTree = "<group>"; };
		AAC603FF1ECEBDFD0073FF43 /* Base */ = {isa = PBXFileReference; lastKnownFileType = file.storyboard; name = Base; path = Base.lproj/LaunchScreen.storyboard; sourceTree = "<group>"; };
		AAC604011ECEBDFD0073FF43 /* Info.plist */ = {isa = PBXFileReference; lastKnownFileType = text.plist.xml; path = Info.plist; sourceTree = "<group>"; };
		AAC604061ECEBDFD0073FF43 /* MorehouseDPSTests.xctest */ = {isa = PBXFileReference; explicitFileType = wrapper.cfbundle; includeInIndex = 0; path = MorehouseDPSTests.xctest; sourceTree = BUILT_PRODUCTS_DIR; };
		AAC6040A1ECEBDFD0073FF43 /* MorehouseDPSTests.swift */ = {isa = PBXFileReference; lastKnownFileType = sourcecode.swift; path = MorehouseDPSTests.swift; sourceTree = "<group>"; };
		AAC6040C1ECEBDFD0073FF43 /* Info.plist */ = {isa = PBXFileReference; lastKnownFileType = text.plist.xml; path = Info.plist; sourceTree = "<group>"; };
		AAC604111ECEBDFD0073FF43 /* MorehouseDPSUITests.xctest */ = {isa = PBXFileReference; explicitFileType = wrapper.cfbundle; includeInIndex = 0; path = MorehouseDPSUITests.xctest; sourceTree = BUILT_PRODUCTS_DIR; };
		AAC604151ECEBDFD0073FF43 /* MorehouseDPSUITests.swift */ = {isa = PBXFileReference; lastKnownFileType = sourcecode.swift; path = MorehouseDPSUITests.swift; sourceTree = "<group>"; };
		AAC604171ECEBDFD0073FF43 /* Info.plist */ = {isa = PBXFileReference; lastKnownFileType = text.plist.xml; path = Info.plist; sourceTree = "<group>"; };
		BA2F44DA69933099688C86B5 /* Pods_MorehouseDPS.framework */ = {isa = PBXFileReference; explicitFileType = wrapper.framework; includeInIndex = 0; path = Pods_MorehouseDPS.framework; sourceTree = BUILT_PRODUCTS_DIR; };
		BE7CAC87A7E33310643A60D4 /* Pods-MorehouseDPSUITests.debug.xcconfig */ = {isa = PBXFileReference; includeInIndex = 1; lastKnownFileType = text.xcconfig; name = "Pods-MorehouseDPSUITests.debug.xcconfig"; path = "Pods/Target Support Files/Pods-MorehouseDPSUITests/Pods-MorehouseDPSUITests.debug.xcconfig"; sourceTree = "<group>"; };
		CEA4FF4906227EF0DEECC908 /* Pods_MorehouseDPSTests.framework */ = {isa = PBXFileReference; explicitFileType = wrapper.framework; includeInIndex = 0; path = Pods_MorehouseDPSTests.framework; sourceTree = BUILT_PRODUCTS_DIR; };
		EA38C749F6F40F97B7713F57 /* Pods-MorehouseDPS.debug.xcconfig */ = {isa = PBXFileReference; includeInIndex = 1; lastKnownFileType = text.xcconfig; name = "Pods-MorehouseDPS.debug.xcconfig"; path = "Pods/Target Support Files/Pods-MorehouseDPS/Pods-MorehouseDPS.debug.xcconfig"; sourceTree = "<group>"; };
		F19DE8282E4DF26C072035E3 /* Pods-MorehouseDPSTests.debug.xcconfig */ = {isa = PBXFileReference; includeInIndex = 1; lastKnownFileType = text.xcconfig; name = "Pods-MorehouseDPSTests.debug.xcconfig"; path = "Pods/Target Support Files/Pods-MorehouseDPSTests/Pods-MorehouseDPSTests.debug.xcconfig"; sourceTree = "<group>"; };
/* End PBXFileReference section */

/* Begin PBXFrameworksBuildPhase section */
		AAC603EF1ECEBDFD0073FF43 /* Frameworks */ = {
			isa = PBXFrameworksBuildPhase;
			buildActionMask = 2147483647;
			files = (
				582115DB68FB2EB209723E4D /* Pods_MorehouseDPS.framework in Frameworks */,
			);
			runOnlyForDeploymentPostprocessing = 0;
		};
		AAC604031ECEBDFD0073FF43 /* Frameworks */ = {
			isa = PBXFrameworksBuildPhase;
			buildActionMask = 2147483647;
			files = (
				77528E94EF4855E840648011 /* Pods_MorehouseDPSTests.framework in Frameworks */,
			);
			runOnlyForDeploymentPostprocessing = 0;
		};
		AAC6040E1ECEBDFD0073FF43 /* Frameworks */ = {
			isa = PBXFrameworksBuildPhase;
			buildActionMask = 2147483647;
			files = (
				7A1051D1C36BE0D518E8F24E /* Pods_MorehouseDPSUITests.framework in Frameworks */,
			);
			runOnlyForDeploymentPostprocessing = 0;
		};
/* End PBXFrameworksBuildPhase section */

/* Begin PBXGroup section */
		56E742263D3EF74039D66E7C /* Frameworks */ = {
			isa = PBXGroup;
			children = (
				BA2F44DA69933099688C86B5 /* Pods_MorehouseDPS.framework */,
				CEA4FF4906227EF0DEECC908 /* Pods_MorehouseDPSTests.framework */,
				0D9AA3AE5DC8282A3DBA55C7 /* Pods_MorehouseDPSUITests.framework */,
			);
			name = Frameworks;
			sourceTree = "<group>";
		};
		820EC91E247BD815D5FFBB10 /* Pods */ = {
			isa = PBXGroup;
			children = (
				EA38C749F6F40F97B7713F57 /* Pods-MorehouseDPS.debug.xcconfig */,
				942F8F4DF9518654A6F4CDE1 /* Pods-MorehouseDPS.release.xcconfig */,
				F19DE8282E4DF26C072035E3 /* Pods-MorehouseDPSTests.debug.xcconfig */,
				2554F667485D520E9585357D /* Pods-MorehouseDPSTests.release.xcconfig */,
				BE7CAC87A7E33310643A60D4 /* Pods-MorehouseDPSUITests.debug.xcconfig */,
				0EE513B0EA1D0F1CF51B23FD /* Pods-MorehouseDPSUITests.release.xcconfig */,
			);
			name = Pods;
			sourceTree = "<group>";
		};
		AA169FDB1EEA28A000765799 /* Models */ = {
			isa = PBXGroup;
			children = (
				AA9EFBBB1F37ADAD00F7BF01 /* Books.swift */,
			);
			name = Models;
			sourceTree = "<group>";
		};
		AA169FDC1EEA28B100765799 /* ViewControllers */ = {
			isa = PBXGroup;
			children = (
				AA9D5E651ED1467F0020AA1F /* LoginViewController.swift */,
				AA6668DA1EE7896F00DFABBB /* BookCollectionViewController.swift */,
				AA9EFBC01F39A92E00F7BF01 /* BookSummaryViewController.swift */,
			);
			name = ViewControllers;
			sourceTree = "<group>";
		};
		AA7878E61F4392FD00066398 /* Views */ = {
			isa = PBXGroup;
			children = (
				AA7878E41F438EBB00066398 /* BookSummaryView.swift */,
				AA7878E71F43932600066398 /* BookSummaryHeaderView.swift */,
			);
			name = Views;
			sourceTree = "<group>";
		};
		AA82D5B31F30598F0067E8FB /* API */ = {
			isa = PBXGroup;
			children = (
				AA82D5B41F3059AE0067E8FB /* BookAPI.swift */,
			);
			name = API;
			sourceTree = "<group>";
		};
		AA9EFBBD1F37E01500F7BF01 /* Helper */ = {
			isa = PBXGroup;
			children = (
				AA9EFBBE1F383EA900F7BF01 /* CustomImageView.swift */,
			);
			name = Helper;
			sourceTree = "<group>";
		};
		AAC603E91ECEBDFD0073FF43 = {
			isa = PBXGroup;
			children = (
				AAC603F41ECEBDFD0073FF43 /* MorehouseDPS */,
				AAC604091ECEBDFD0073FF43 /* MorehouseDPSTests */,
				AAC604141ECEBDFD0073FF43 /* MorehouseDPSUITests */,
				AAC603F31ECEBDFD0073FF43 /* Products */,
				820EC91E247BD815D5FFBB10 /* Pods */,
				56E742263D3EF74039D66E7C /* Frameworks */,
			);
			sourceTree = "<group>";
		};
		AAC603F31ECEBDFD0073FF43 /* Products */ = {
			isa = PBXGroup;
			children = (
				AAC603F21ECEBDFD0073FF43 /* MorehouseDPS.app */,
				AAC604061ECEBDFD0073FF43 /* MorehouseDPSTests.xctest */,
				AAC604111ECEBDFD0073FF43 /* MorehouseDPSUITests.xctest */,
			);
			name = Products;
			sourceTree = "<group>";
		};
		AAC603F41ECEBDFD0073FF43 /* MorehouseDPS */ = {
			isa = PBXGroup;
			children = (
				AA7878E61F4392FD00066398 /* Views */,
				AA9EFBBD1F37E01500F7BF01 /* Helper */,
				AA82D5B31F30598F0067E8FB /* API */,
				AA169FDC1EEA28B100765799 /* ViewControllers */,
				AA169FDB1EEA28A000765799 /* Models */,
				AA0F52121ED40A2A008CF619 /* MorehouseDPS.entitlements */,
				AAA342F91ECEC50B007E8874 /* GoogleService-Info.plist */,
				AAC603F51ECEBDFD0073FF43 /* AppDelegate.swift */,
				AAC603FC1ECEBDFD0073FF43 /* Assets.xcassets */,
				AAC603FE1ECEBDFD0073FF43 /* LaunchScreen.storyboard */,
				AAC604011ECEBDFD0073FF43 /* Info.plist */,
				AA6668DE1EE7E7D100DFABBB /* BookCollectionViewCell.swift */,
			);
			path = MorehouseDPS;
			sourceTree = "<group>";
		};
		AAC604091ECEBDFD0073FF43 /* MorehouseDPSTests */ = {
			isa = PBXGroup;
			children = (
				AAC6040A1ECEBDFD0073FF43 /* MorehouseDPSTests.swift */,
				AAC6040C1ECEBDFD0073FF43 /* Info.plist */,
			);
			path = MorehouseDPSTests;
			sourceTree = "<group>";
		};
		AAC604141ECEBDFD0073FF43 /* MorehouseDPSUITests */ = {
			isa = PBXGroup;
			children = (
				AAC604151ECEBDFD0073FF43 /* MorehouseDPSUITests.swift */,
				AAC604171ECEBDFD0073FF43 /* Info.plist */,
			);
			path = MorehouseDPSUITests;
			sourceTree = "<group>";
		};
/* End PBXGroup section */

/* Begin PBXNativeTarget section */
		AAC603F11ECEBDFD0073FF43 /* MorehouseDPS */ = {
			isa = PBXNativeTarget;
			buildConfigurationList = AAC6041A1ECEBDFD0073FF43 /* Build configuration list for PBXNativeTarget "MorehouseDPS" */;
			buildPhases = (
				58863166A2C4B0D4C46FC006 /* [CP] Check Pods Manifest.lock */,
				AAC603EE1ECEBDFD0073FF43 /* Sources */,
				AAC603EF1ECEBDFD0073FF43 /* Frameworks */,
				AAC603F01ECEBDFD0073FF43 /* Resources */,
				6F7F45D2BE879D58D0EC94DF /* [CP] Embed Pods Frameworks */,
				9A04FDFAA3D69FA174AC230D /* [CP] Copy Pods Resources */,
			);
			buildRules = (
			);
			dependencies = (
			);
			name = MorehouseDPS;
			productName = MorehouseDPS;
			productReference = AAC603F21ECEBDFD0073FF43 /* MorehouseDPS.app */;
			productType = "com.apple.product-type.application";
		};
		AAC604051ECEBDFD0073FF43 /* MorehouseDPSTests */ = {
			isa = PBXNativeTarget;
			buildConfigurationList = AAC6041D1ECEBDFD0073FF43 /* Build configuration list for PBXNativeTarget "MorehouseDPSTests" */;
			buildPhases = (
				F1B9719FBFF3972F70AAD634 /* [CP] Check Pods Manifest.lock */,
				AAC604021ECEBDFD0073FF43 /* Sources */,
				AAC604031ECEBDFD0073FF43 /* Frameworks */,
				AAC604041ECEBDFD0073FF43 /* Resources */,
				8A37B2C62EF17E2A1A24711A /* [CP] Embed Pods Frameworks */,
				C6797A861C037BD76C73241D /* [CP] Copy Pods Resources */,
			);
			buildRules = (
			);
			dependencies = (
				AAC604081ECEBDFD0073FF43 /* PBXTargetDependency */,
			);
			name = MorehouseDPSTests;
			productName = MorehouseDPSTests;
			productReference = AAC604061ECEBDFD0073FF43 /* MorehouseDPSTests.xctest */;
			productType = "com.apple.product-type.bundle.unit-test";
		};
		AAC604101ECEBDFD0073FF43 /* MorehouseDPSUITests */ = {
			isa = PBXNativeTarget;
			buildConfigurationList = AAC604201ECEBDFD0073FF43 /* Build configuration list for PBXNativeTarget "MorehouseDPSUITests" */;
			buildPhases = (
				76C19509AF30004D52DB95ED /* [CP] Check Pods Manifest.lock */,
				AAC6040D1ECEBDFD0073FF43 /* Sources */,
				AAC6040E1ECEBDFD0073FF43 /* Frameworks */,
				AAC6040F1ECEBDFD0073FF43 /* Resources */,
				0595D95D0E4DD746E9BF2CC3 /* [CP] Embed Pods Frameworks */,
				567B5FFFE8F3C9D0212291E5 /* [CP] Copy Pods Resources */,
			);
			buildRules = (
			);
			dependencies = (
				AAC604131ECEBDFD0073FF43 /* PBXTargetDependency */,
			);
			name = MorehouseDPSUITests;
			productName = MorehouseDPSUITests;
			productReference = AAC604111ECEBDFD0073FF43 /* MorehouseDPSUITests.xctest */;
			productType = "com.apple.product-type.bundle.ui-testing";
		};
/* End PBXNativeTarget section */

/* Begin PBXProject section */
		AAC603EA1ECEBDFD0073FF43 /* Project object */ = {
			isa = PBXProject;
			attributes = {
				LastSwiftUpdateCheck = 0830;
				LastUpgradeCheck = 0830;
				ORGANIZATIONNAME = icbrahimc;
				TargetAttributes = {
					AAC603F11ECEBDFD0073FF43 = {
						CreatedOnToolsVersion = 8.3.1;
						DevelopmentTeam = 2BZ75GT22X;
						ProvisioningStyle = Automatic;
						SystemCapabilities = {
							com.apple.Keychain = {
								enabled = 1;
							};
						};
					};
					AAC604051ECEBDFD0073FF43 = {
						CreatedOnToolsVersion = 8.3.1;
						DevelopmentTeam = 2BZ75GT22X;
						ProvisioningStyle = Automatic;
						TestTargetID = AAC603F11ECEBDFD0073FF43;
					};
					AAC604101ECEBDFD0073FF43 = {
						CreatedOnToolsVersion = 8.3.1;
						DevelopmentTeam = 2BZ75GT22X;
						ProvisioningStyle = Automatic;
						TestTargetID = AAC603F11ECEBDFD0073FF43;
					};
				};
			};
			buildConfigurationList = AAC603ED1ECEBDFD0073FF43 /* Build configuration list for PBXProject "MorehouseDPS" */;
			compatibilityVersion = "Xcode 3.2";
			developmentRegion = English;
			hasScannedForEncodings = 0;
			knownRegions = (
				en,
				Base,
			);
			mainGroup = AAC603E91ECEBDFD0073FF43;
			productRefGroup = AAC603F31ECEBDFD0073FF43 /* Products */;
			projectDirPath = "";
			projectRoot = "";
			targets = (
				AAC603F11ECEBDFD0073FF43 /* MorehouseDPS */,
				AAC604051ECEBDFD0073FF43 /* MorehouseDPSTests */,
				AAC604101ECEBDFD0073FF43 /* MorehouseDPSUITests */,
			);
		};
/* End PBXProject section */

/* Begin PBXResourcesBuildPhase section */
		AAC603F01ECEBDFD0073FF43 /* Resources */ = {
			isa = PBXResourcesBuildPhase;
			buildActionMask = 2147483647;
			files = (
				AAC604001ECEBDFD0073FF43 /* LaunchScreen.storyboard in Resources */,
				AAA342FA1ECEC50B007E8874 /* GoogleService-Info.plist in Resources */,
				AAC603FD1ECEBDFD0073FF43 /* Assets.xcassets in Resources */,
			);
			runOnlyForDeploymentPostprocessing = 0;
		};
		AAC604041ECEBDFD0073FF43 /* Resources */ = {
			isa = PBXResourcesBuildPhase;
			buildActionMask = 2147483647;
			files = (
				AAA342FB1ECEC50B007E8874 /* GoogleService-Info.plist in Resources */,
			);
			runOnlyForDeploymentPostprocessing = 0;
		};
		AAC6040F1ECEBDFD0073FF43 /* Resources */ = {
			isa = PBXResourcesBuildPhase;
			buildActionMask = 2147483647;
			files = (
				AAA342FC1ECEC50B007E8874 /* GoogleService-Info.plist in Resources */,
			);
			runOnlyForDeploymentPostprocessing = 0;
		};
/* End PBXResourcesBuildPhase section */

/* Begin PBXShellScriptBuildPhase section */
		0595D95D0E4DD746E9BF2CC3 /* [CP] Embed Pods Frameworks */ = {
			isa = PBXShellScriptBuildPhase;
			buildActionMask = 2147483647;
			files = (
			);
			inputPaths = (
			);
			name = "[CP] Embed Pods Frameworks";
			outputPaths = (
			);
			runOnlyForDeploymentPostprocessing = 0;
			shellPath = /bin/sh;
			shellScript = "\"${SRCROOT}/Pods/Target Support Files/Pods-MorehouseDPSUITests/Pods-MorehouseDPSUITests-frameworks.sh\"\n";
			showEnvVarsInLog = 0;
		};
		567B5FFFE8F3C9D0212291E5 /* [CP] Copy Pods Resources */ = {
			isa = PBXShellScriptBuildPhase;
			buildActionMask = 2147483647;
			files = (
			);
			inputPaths = (
			);
			name = "[CP] Copy Pods Resources";
			outputPaths = (
			);
			runOnlyForDeploymentPostprocessing = 0;
			shellPath = /bin/sh;
			shellScript = "\"${SRCROOT}/Pods/Target Support Files/Pods-MorehouseDPSUITests/Pods-MorehouseDPSUITests-resources.sh\"\n";
			showEnvVarsInLog = 0;
		};
		58863166A2C4B0D4C46FC006 /* [CP] Check Pods Manifest.lock */ = {
			isa = PBXShellScriptBuildPhase;
			buildActionMask = 2147483647;
			files = (
			);
			inputPaths = (
			);
			name = "[CP] Check Pods Manifest.lock";
			outputPaths = (
			);
			runOnlyForDeploymentPostprocessing = 0;
			shellPath = /bin/sh;
			shellScript = "diff \"${PODS_ROOT}/../Podfile.lock\" \"${PODS_ROOT}/Manifest.lock\" > /dev/null\nif [ $? != 0 ] ; then\n    # print error to STDERR\n    echo \"error: The sandbox is not in sync with the Podfile.lock. Run 'pod install' or update your CocoaPods installation.\" >&2\n    exit 1\nfi\n";
			showEnvVarsInLog = 0;
		};
		6F7F45D2BE879D58D0EC94DF /* [CP] Embed Pods Frameworks */ = {
			isa = PBXShellScriptBuildPhase;
			buildActionMask = 2147483647;
			files = (
			);
			inputPaths = (
			);
			name = "[CP] Embed Pods Frameworks";
			outputPaths = (
			);
			runOnlyForDeploymentPostprocessing = 0;
			shellPath = /bin/sh;
			shellScript = "\"${SRCROOT}/Pods/Target Support Files/Pods-MorehouseDPS/Pods-MorehouseDPS-frameworks.sh\"\n";
			showEnvVarsInLog = 0;
		};
		76C19509AF30004D52DB95ED /* [CP] Check Pods Manifest.lock */ = {
			isa = PBXShellScriptBuildPhase;
			buildActionMask = 2147483647;
			files = (
			);
			inputPaths = (
			);
			name = "[CP] Check Pods Manifest.lock";
			outputPaths = (
			);
			runOnlyForDeploymentPostprocessing = 0;
			shellPath = /bin/sh;
			shellScript = "diff \"${PODS_ROOT}/../Podfile.lock\" \"${PODS_ROOT}/Manifest.lock\" > /dev/null\nif [ $? != 0 ] ; then\n    # print error to STDERR\n    echo \"error: The sandbox is not in sync with the Podfile.lock. Run 'pod install' or update your CocoaPods installation.\" >&2\n    exit 1\nfi\n";
			showEnvVarsInLog = 0;
		};
		8A37B2C62EF17E2A1A24711A /* [CP] Embed Pods Frameworks */ = {
			isa = PBXShellScriptBuildPhase;
			buildActionMask = 2147483647;
			files = (
			);
			inputPaths = (
			);
			name = "[CP] Embed Pods Frameworks";
			outputPaths = (
			);
			runOnlyForDeploymentPostprocessing = 0;
			shellPath = /bin/sh;
			shellScript = "\"${SRCROOT}/Pods/Target Support Files/Pods-MorehouseDPSTests/Pods-MorehouseDPSTests-frameworks.sh\"\n";
			showEnvVarsInLog = 0;
		};
		9A04FDFAA3D69FA174AC230D /* [CP] Copy Pods Resources */ = {
			isa = PBXShellScriptBuildPhase;
			buildActionMask = 2147483647;
			files = (
			);
			inputPaths = (
			);
			name = "[CP] Copy Pods Resources";
			outputPaths = (
			);
			runOnlyForDeploymentPostprocessing = 0;
			shellPath = /bin/sh;
			shellScript = "\"${SRCROOT}/Pods/Target Support Files/Pods-MorehouseDPS/Pods-MorehouseDPS-resources.sh\"\n";
			showEnvVarsInLog = 0;
		};
		C6797A861C037BD76C73241D /* [CP] Copy Pods Resources */ = {
			isa = PBXShellScriptBuildPhase;
			buildActionMask = 2147483647;
			files = (
			);
			inputPaths = (
			);
			name = "[CP] Copy Pods Resources";
			outputPaths = (
			);
			runOnlyForDeploymentPostprocessing = 0;
			shellPath = /bin/sh;
			shellScript = "\"${SRCROOT}/Pods/Target Support Files/Pods-MorehouseDPSTests/Pods-MorehouseDPSTests-resources.sh\"\n";
			showEnvVarsInLog = 0;
		};
		F1B9719FBFF3972F70AAD634 /* [CP] Check Pods Manifest.lock */ = {
			isa = PBXShellScriptBuildPhase;
			buildActionMask = 2147483647;
			files = (
			);
			inputPaths = (
			);
			name = "[CP] Check Pods Manifest.lock";
			outputPaths = (
			);
			runOnlyForDeploymentPostprocessing = 0;
			shellPath = /bin/sh;
			shellScript = "diff \"${PODS_ROOT}/../Podfile.lock\" \"${PODS_ROOT}/Manifest.lock\" > /dev/null\nif [ $? != 0 ] ; then\n    # print error to STDERR\n    echo \"error: The sandbox is not in sync with the Podfile.lock. Run 'pod install' or update your CocoaPods installation.\" >&2\n    exit 1\nfi\n";
			showEnvVarsInLog = 0;
		};
/* End PBXShellScriptBuildPhase section */

/* Begin PBXSourcesBuildPhase section */
		AAC603EE1ECEBDFD0073FF43 /* Sources */ = {
			isa = PBXSourcesBuildPhase;
			buildActionMask = 2147483647;
			files = (
				AA82D5B51F3059AE0067E8FB /* BookAPI.swift in Sources */,
				AA9D5E661ED1467F0020AA1F /* LoginViewController.swift in Sources */,
				AA9EFBC11F39A92E00F7BF01 /* BookSummaryViewController.swift in Sources */,
				AA7878E81F43932600066398 /* BookSummaryHeaderView.swift in Sources */,
				AA9EFBBC1F37ADAD00F7BF01 /* Books.swift in Sources */,
				AA9EFBBF1F383EA900F7BF01 /* CustomImageView.swift in Sources */,
				AAC603F61ECEBDFD0073FF43 /* AppDelegate.swift in Sources */,
				AA7878E51F438EBB00066398 /* BookSummaryView.swift in Sources */,
				AA6668DF1EE7E7D100DFABBB /* BookCollectionViewCell.swift in Sources */,
				AA6668DB1EE7896F00DFABBB /* BookCollectionViewController.swift in Sources */,
			);
			runOnlyForDeploymentPostprocessing = 0;
		};
		AAC604021ECEBDFD0073FF43 /* Sources */ = {
			isa = PBXSourcesBuildPhase;
			buildActionMask = 2147483647;
			files = (
				AAC6040B1ECEBDFD0073FF43 /* MorehouseDPSTests.swift in Sources */,
			);
			runOnlyForDeploymentPostprocessing = 0;
		};
		AAC6040D1ECEBDFD0073FF43 /* Sources */ = {
			isa = PBXSourcesBuildPhase;
			buildActionMask = 2147483647;
			files = (
				AAC604161ECEBDFD0073FF43 /* MorehouseDPSUITests.swift in Sources */,
			);
			runOnlyForDeploymentPostprocessing = 0;
		};
/* End PBXSourcesBuildPhase section */

/* Begin PBXTargetDependency section */
		AAC604081ECEBDFD0073FF43 /* PBXTargetDependency */ = {
			isa = PBXTargetDependency;
			target = AAC603F11ECEBDFD0073FF43 /* MorehouseDPS */;
			targetProxy = AAC604071ECEBDFD0073FF43 /* PBXContainerItemProxy */;
		};
		AAC604131ECEBDFD0073FF43 /* PBXTargetDependency */ = {
			isa = PBXTargetDependency;
			target = AAC603F11ECEBDFD0073FF43 /* MorehouseDPS */;
			targetProxy = AAC604121ECEBDFD0073FF43 /* PBXContainerItemProxy */;
		};
/* End PBXTargetDependency section */

/* Begin PBXVariantGroup section */
		AAC603FE1ECEBDFD0073FF43 /* LaunchScreen.storyboard */ = {
			isa = PBXVariantGroup;
			children = (
				AAC603FF1ECEBDFD0073FF43 /* Base */,
			);
			name = LaunchScreen.storyboard;
			sourceTree = "<group>";
		};
/* End PBXVariantGroup section */

/* Begin XCBuildConfiguration section */
		AAC604181ECEBDFD0073FF43 /* Debug */ = {
			isa = XCBuildConfiguration;
			buildSettings = {
				ALWAYS_SEARCH_USER_PATHS = NO;
				CLANG_ANALYZER_NONNULL = YES;
				CLANG_ANALYZER_NUMBER_OBJECT_CONVERSION = YES_AGGRESSIVE;
				CLANG_CXX_LANGUAGE_STANDARD = "gnu++0x";
				CLANG_CXX_LIBRARY = "libc++";
				CLANG_ENABLE_MODULES = YES;
				CLANG_ENABLE_OBJC_ARC = YES;
				CLANG_WARN_BOOL_CONVERSION = YES;
				CLANG_WARN_CONSTANT_CONVERSION = YES;
				CLANG_WARN_DIRECT_OBJC_ISA_USAGE = YES_ERROR;
				CLANG_WARN_DOCUMENTATION_COMMENTS = YES;
				CLANG_WARN_EMPTY_BODY = YES;
				CLANG_WARN_ENUM_CONVERSION = YES;
				CLANG_WARN_INFINITE_RECURSION = YES;
				CLANG_WARN_INT_CONVERSION = YES;
				CLANG_WARN_OBJC_ROOT_CLASS = YES_ERROR;
				CLANG_WARN_SUSPICIOUS_MOVE = YES;
				CLANG_WARN_UNREACHABLE_CODE = YES;
				CLANG_WARN__DUPLICATE_METHOD_MATCH = YES;
				"CODE_SIGN_IDENTITY[sdk=iphoneos*]" = "iPhone Developer";
				COPY_PHASE_STRIP = NO;
				DEBUG_INFORMATION_FORMAT = dwarf;
				ENABLE_STRICT_OBJC_MSGSEND = YES;
				ENABLE_TESTABILITY = YES;
				GCC_C_LANGUAGE_STANDARD = gnu99;
				GCC_DYNAMIC_NO_PIC = NO;
				GCC_NO_COMMON_BLOCKS = YES;
				GCC_OPTIMIZATION_LEVEL = 0;
				GCC_PREPROCESSOR_DEFINITIONS = (
					"DEBUG=1",
					"$(inherited)",
				);
				GCC_WARN_64_TO_32_BIT_CONVERSION = YES;
				GCC_WARN_ABOUT_RETURN_TYPE = YES_ERROR;
				GCC_WARN_UNDECLARED_SELECTOR = YES;
				GCC_WARN_UNINITIALIZED_AUTOS = YES_AGGRESSIVE;
				GCC_WARN_UNUSED_FUNCTION = YES;
				GCC_WARN_UNUSED_VARIABLE = YES;
				IPHONEOS_DEPLOYMENT_TARGET = 10.3;
				MTL_ENABLE_DEBUG_INFO = YES;
				ONLY_ACTIVE_ARCH = YES;
				SDKROOT = iphoneos;
				SWIFT_ACTIVE_COMPILATION_CONDITIONS = DEBUG;
				SWIFT_OPTIMIZATION_LEVEL = "-Onone";
				TARGETED_DEVICE_FAMILY = "1,2";
			};
			name = Debug;
		};
		AAC604191ECEBDFD0073FF43 /* Release */ = {
			isa = XCBuildConfiguration;
			buildSettings = {
				ALWAYS_SEARCH_USER_PATHS = NO;
				CLANG_ANALYZER_NONNULL = YES;
				CLANG_ANALYZER_NUMBER_OBJECT_CONVERSION = YES_AGGRESSIVE;
				CLANG_CXX_LANGUAGE_STANDARD = "gnu++0x";
				CLANG_CXX_LIBRARY = "libc++";
				CLANG_ENABLE_MODULES = YES;
				CLANG_ENABLE_OBJC_ARC = YES;
				CLANG_WARN_BOOL_CONVERSION = YES;
				CLANG_WARN_CONSTANT_CONVERSION = YES;
				CLANG_WARN_DIRECT_OBJC_ISA_USAGE = YES_ERROR;
				CLANG_WARN_DOCUMENTATION_COMMENTS = YES;
				CLANG_WARN_EMPTY_BODY = YES;
				CLANG_WARN_ENUM_CONVERSION = YES;
				CLANG_WARN_INFINITE_RECURSION = YES;
				CLANG_WARN_INT_CONVERSION = YES;
				CLANG_WARN_OBJC_ROOT_CLASS = YES_ERROR;
				CLANG_WARN_SUSPICIOUS_MOVE = YES;
				CLANG_WARN_UNREACHABLE_CODE = YES;
				CLANG_WARN__DUPLICATE_METHOD_MATCH = YES;
				"CODE_SIGN_IDENTITY[sdk=iphoneos*]" = "iPhone Developer";
				COPY_PHASE_STRIP = NO;
				DEBUG_INFORMATION_FORMAT = "dwarf-with-dsym";
				ENABLE_NS_ASSERTIONS = NO;
				ENABLE_STRICT_OBJC_MSGSEND = YES;
				GCC_C_LANGUAGE_STANDARD = gnu99;
				GCC_NO_COMMON_BLOCKS = YES;
				GCC_WARN_64_TO_32_BIT_CONVERSION = YES;
				GCC_WARN_ABOUT_RETURN_TYPE = YES_ERROR;
				GCC_WARN_UNDECLARED_SELECTOR = YES;
				GCC_WARN_UNINITIALIZED_AUTOS = YES_AGGRESSIVE;
				GCC_WARN_UNUSED_FUNCTION = YES;
				GCC_WARN_UNUSED_VARIABLE = YES;
				IPHONEOS_DEPLOYMENT_TARGET = 10.3;
				MTL_ENABLE_DEBUG_INFO = NO;
				SDKROOT = iphoneos;
				SWIFT_OPTIMIZATION_LEVEL = "-Owholemodule";
				TARGETED_DEVICE_FAMILY = "1,2";
				VALIDATE_PRODUCT = YES;
			};
			name = Release;
		};
		AAC6041B1ECEBDFD0073FF43 /* Debug */ = {
			isa = XCBuildConfiguration;
			baseConfigurationReference = EA38C749F6F40F97B7713F57 /* Pods-MorehouseDPS.debug.xcconfig */;
			buildSettings = {
				ASSETCATALOG_COMPILER_APPICON_NAME = AppIcon;
				CODE_SIGN_ENTITLEMENTS = MorehouseDPS/MorehouseDPS.entitlements;
				DEVELOPMENT_TEAM = 2BZ75GT22X;
				INFOPLIST_FILE = MorehouseDPS/Info.plist;
				LD_RUNPATH_SEARCH_PATHS = "$(inherited) @executable_path/Frameworks";
				PRODUCT_BUNDLE_IDENTIFIER = ibrahim.MorehouseDPS;
				PRODUCT_NAME = "$(TARGET_NAME)";
				SWIFT_VERSION = 3.0;
			};
			name = Debug;
		};
		AAC6041C1ECEBDFD0073FF43 /* Release */ = {
			isa = XCBuildConfiguration;
			baseConfigurationReference = 942F8F4DF9518654A6F4CDE1 /* Pods-MorehouseDPS.release.xcconfig */;
			buildSettings = {
				ASSETCATALOG_COMPILER_APPICON_NAME = AppIcon;
				CODE_SIGN_ENTITLEMENTS = MorehouseDPS/MorehouseDPS.entitlements;
				DEVELOPMENT_TEAM = 2BZ75GT22X;
				INFOPLIST_FILE = MorehouseDPS/Info.plist;
				LD_RUNPATH_SEARCH_PATHS = "$(inherited) @executable_path/Frameworks";
				PRODUCT_BUNDLE_IDENTIFIER = ibrahim.MorehouseDPS;
				PRODUCT_NAME = "$(TARGET_NAME)";
				SWIFT_VERSION = 3.0;
			};
			name = Release;
		};
		AAC6041E1ECEBDFD0073FF43 /* Debug */ = {
			isa = XCBuildConfiguration;
			baseConfigurationReference = F19DE8282E4DF26C072035E3 /* Pods-MorehouseDPSTests.debug.xcconfig */;
			buildSettings = {
				ALWAYS_EMBED_SWIFT_STANDARD_LIBRARIES = YES;
				BUNDLE_LOADER = "$(TEST_HOST)";
				DEVELOPMENT_TEAM = 2BZ75GT22X;
				INFOPLIST_FILE = MorehouseDPSTests/Info.plist;
				LD_RUNPATH_SEARCH_PATHS = "$(inherited) @executable_path/Frameworks @loader_path/Frameworks";
				PRODUCT_BUNDLE_IDENTIFIER = ibrahim.MorehouseDPSTests;
				PRODUCT_NAME = "$(TARGET_NAME)";
				SWIFT_VERSION = 3.0;
				TEST_HOST = "$(BUILT_PRODUCTS_DIR)/MorehouseDPS.app/MorehouseDPS";
			};
			name = Debug;
		};
		AAC6041F1ECEBDFD0073FF43 /* Release */ = {
			isa = XCBuildConfiguration;
			baseConfigurationReference = 2554F667485D520E9585357D /* Pods-MorehouseDPSTests.release.xcconfig */;
			buildSettings = {
				ALWAYS_EMBED_SWIFT_STANDARD_LIBRARIES = YES;
				BUNDLE_LOADER = "$(TEST_HOST)";
				DEVELOPMENT_TEAM = 2BZ75GT22X;
				INFOPLIST_FILE = MorehouseDPSTests/Info.plist;
				LD_RUNPATH_SEARCH_PATHS = "$(inherited) @executable_path/Frameworks @loader_path/Frameworks";
				PRODUCT_BUNDLE_IDENTIFIER = ibrahim.MorehouseDPSTests;
				PRODUCT_NAME = "$(TARGET_NAME)";
				SWIFT_VERSION = 3.0;
				TEST_HOST = "$(BUILT_PRODUCTS_DIR)/MorehouseDPS.app/MorehouseDPS";
			};
			name = Release;
		};
		AAC604211ECEBDFD0073FF43 /* Debug */ = {
			isa = XCBuildConfiguration;
			baseConfigurationReference = BE7CAC87A7E33310643A60D4 /* Pods-MorehouseDPSUITests.debug.xcconfig */;
			buildSettings = {
				ALWAYS_EMBED_SWIFT_STANDARD_LIBRARIES = YES;
				DEVELOPMENT_TEAM = 2BZ75GT22X;
				INFOPLIST_FILE = MorehouseDPSUITests/Info.plist;
				LD_RUNPATH_SEARCH_PATHS = "$(inherited) @executable_path/Frameworks @loader_path/Frameworks";
				PRODUCT_BUNDLE_IDENTIFIER = ibrahim.MorehouseDPSUITests;
				PRODUCT_NAME = "$(TARGET_NAME)";
				SWIFT_VERSION = 3.0;
				TEST_TARGET_NAME = MorehouseDPS;
			};
			name = Debug;
		};
		AAC604221ECEBDFD0073FF43 /* Release */ = {
			isa = XCBuildConfiguration;
			baseConfigurationReference = 0EE513B0EA1D0F1CF51B23FD /* Pods-MorehouseDPSUITests.release.xcconfig */;
			buildSettings = {
				ALWAYS_EMBED_SWIFT_STANDARD_LIBRARIES = YES;
				DEVELOPMENT_TEAM = 2BZ75GT22X;
				INFOPLIST_FILE = MorehouseDPSUITests/Info.plist;
				LD_RUNPATH_SEARCH_PATHS = "$(inherited) @executable_path/Frameworks @loader_path/Frameworks";
				PRODUCT_BUNDLE_IDENTIFIER = ibrahim.MorehouseDPSUITests;
				PRODUCT_NAME = "$(TARGET_NAME)";
				SWIFT_VERSION = 3.0;
				TEST_TARGET_NAME = MorehouseDPS;
			};
			name = Release;
		};
/* End XCBuildConfiguration section */

/* Begin XCConfigurationList section */
		AAC603ED1ECEBDFD0073FF43 /* Build configuration list for PBXProject "MorehouseDPS" */ = {
			isa = XCConfigurationList;
			buildConfigurations = (
				AAC604181ECEBDFD0073FF43 /* Debug */,
				AAC604191ECEBDFD0073FF43 /* Release */,
			);
			defaultConfigurationIsVisible = 0;
			defaultConfigurationName = Release;
		};
		AAC6041A1ECEBDFD0073FF43 /* Build configuration list for PBXNativeTarget "MorehouseDPS" */ = {
			isa = XCConfigurationList;
			buildConfigurations = (
				AAC6041B1ECEBDFD0073FF43 /* Debug */,
				AAC6041C1ECEBDFD0073FF43 /* Release */,
			);
			defaultConfigurationIsVisible = 0;
			defaultConfigurationName = Release;
		};
		AAC6041D1ECEBDFD0073FF43 /* Build configuration list for PBXNativeTarget "MorehouseDPSTests" */ = {
			isa = XCConfigurationList;
			buildConfigurations = (
				AAC6041E1ECEBDFD0073FF43 /* Debug */,
				AAC6041F1ECEBDFD0073FF43 /* Release */,
			);
			defaultConfigurationIsVisible = 0;
			defaultConfigurationName = Release;
		};
		AAC604201ECEBDFD0073FF43 /* Build configuration list for PBXNativeTarget "MorehouseDPSUITests" */ = {
			isa = XCConfigurationList;
			buildConfigurations = (
				AAC604211ECEBDFD0073FF43 /* Debug */,
				AAC604221ECEBDFD0073FF43 /* Release */,
			);
			defaultConfigurationIsVisible = 0;
			defaultConfigurationName = Release;
		};
/* End XCConfigurationList section */
	};
	rootObject = AAC603EA1ECEBDFD0073FF43 /* Project object */;
}
